// !$*UTF8*$!
{
	archiveVersion = 1;
	classes = {
	};
	objectVersion = 46;
	objects = {

/* Begin PBXBuildFile section */
		142501BE76450E8652BB1D3D /* Pods_BiliBili_sts.framework in Frameworks */ = {isa = PBXBuildFile; fileRef = 5B0B006D83B1148C1222A0F4 /* Pods_BiliBili_sts.framework */; };
		382D84461EF8B47800B79555 /* TSWebInterfaceModel.swift in Sources */ = {isa = PBXBuildFile; fileRef = 382D84451EF8B47800B79555 /* TSWebInterfaceModel.swift */; };
		382D84481EF8FC4800B79555 /* TSPlayPresent.swift in Sources */ = {isa = PBXBuildFile; fileRef = 382D84471EF8FC4800B79555 /* TSPlayPresent.swift */; };
		382D844A1EF9015700B79555 /* TSURLConstant.swift in Sources */ = {isa = PBXBuildFile; fileRef = 382D84491EF9015700B79555 /* TSURLConstant.swift */; };
		382D844C1EF9153300B79555 /* TSPlayerView.swift in Sources */ = {isa = PBXBuildFile; fileRef = 382D844B1EF9153300B79555 /* TSPlayerView.swift */; };
		38377B851F0F39EC007FD5FB /* TSPlayerExtraInfoView.swift in Sources */ = {isa = PBXBuildFile; fileRef = 38377B841F0F39EC007FD5FB /* TSPlayerExtraInfoView.swift */; };
		38474F8E1ED6B51A0040F4E4 /* TSBaseModel.swift in Sources */ = {isa = PBXBuildFile; fileRef = 38474F8D1ED6B51A0040F4E4 /* TSBaseModel.swift */; };
		38474F901ED6E3470040F4E4 /* TSCommon.swift in Sources */ = {isa = PBXBuildFile; fileRef = 38474F8F1ED6E3470040F4E4 /* TSCommon.swift */; };
		3859858A1ED2DF1D0048B8B1 /* TSDingContentCell.swift in Sources */ = {isa = PBXBuildFile; fileRef = 385985801ED2DF1D0048B8B1 /* TSDingContentCell.swift */; };
		3859858B1ED2DF1D0048B8B1 /* TSDingModel.swift in Sources */ = {isa = PBXBuildFile; fileRef = 385985811ED2DF1D0048B8B1 /* TSDingModel.swift */; };
		3859858C1ED2DF1D0048B8B1 /* TSRecommendPresent.swift in Sources */ = {isa = PBXBuildFile; fileRef = 385985821ED2DF1D0048B8B1 /* TSRecommendPresent.swift */; };
		3859858E1ED2DF1D0048B8B1 /* TSHomeVC.swift in Sources */ = {isa = PBXBuildFile; fileRef = 385985841ED2DF1D0048B8B1 /* TSHomeVC.swift */; };
		3859858F1ED2DF1D0048B8B1 /* TSLaunchVC.swift in Sources */ = {isa = PBXBuildFile; fileRef = 385985851ED2DF1D0048B8B1 /* TSLaunchVC.swift */; };
		385985901ED2DF1D0048B8B1 /* TSMainTabarVC.swift in Sources */ = {isa = PBXBuildFile; fileRef = 385985861ED2DF1D0048B8B1 /* TSMainTabarVC.swift */; };
		385985921ED2DF1D0048B8B1 /* TSRecommendVC.swift in Sources */ = {isa = PBXBuildFile; fileRef = 385985881ED2DF1D0048B8B1 /* TSRecommendVC.swift */; };
		385985941ED2DF710048B8B1 /* TSBaseViewController.swift in Sources */ = {isa = PBXBuildFile; fileRef = 385985931ED2DF710048B8B1 /* TSBaseViewController.swift */; };
		3868D5141ECEE480006CB40A /* testDing.jpg in Resources */ = {isa = PBXBuildFile; fileRef = 3868D5131ECEE480006CB40A /* testDing.jpg */; };
		3869DC2A1ED51CD1007ECA81 /* TSCarouselView.swift in Sources */ = {isa = PBXBuildFile; fileRef = 3869DC291ED51CD1007ECA81 /* TSCarouselView.swift */; };
		3869DC2C1ED56F0C007ECA81 /* readme.md in Sources */ = {isa = PBXBuildFile; fileRef = 3869DC2B1ED56F0C007ECA81 /* readme.md */; };
		3869DC2E1ED57463007ECA81 /* TSWebShowCell.swift in Sources */ = {isa = PBXBuildFile; fileRef = 3869DC2D1ED57463007ECA81 /* TSWebShowCell.swift */; };
		38706F2F1EC937AB008C6499 /* AppDelegate.swift in Sources */ = {isa = PBXBuildFile; fileRef = 38706F2E1EC937AB008C6499 /* AppDelegate.swift */; };
		38706F341EC937AB008C6499 /* Main.storyboard in Resources */ = {isa = PBXBuildFile; fileRef = 38706F321EC937AB008C6499 /* Main.storyboard */; };
		38706F361EC937AB008C6499 /* Assets.xcassets in Resources */ = {isa = PBXBuildFile; fileRef = 38706F351EC937AB008C6499 /* Assets.xcassets */; };
		38706F391EC937AB008C6499 /* LaunchScreen.storyboard in Resources */ = {isa = PBXBuildFile; fileRef = 38706F371EC937AB008C6499 /* LaunchScreen.storyboard */; };
		38706F4B1EC9383F008C6499 /* UIColor+tsExtension.swift in Sources */ = {isa = PBXBuildFile; fileRef = 38706F421EC9383F008C6499 /* UIColor+tsExtension.swift */; };
		38706F4C1EC9383F008C6499 /* UIView+tsFrame.swift in Sources */ = {isa = PBXBuildFile; fileRef = 38706F431EC9383F008C6499 /* UIView+tsFrame.swift */; };
		38706F4D1EC9383F008C6499 /* TSConstant.swift in Sources */ = {isa = PBXBuildFile; fileRef = 38706F451EC9383F008C6499 /* TSConstant.swift */; };
		387422771ED3DD060031326C /* TSRefresh.swift in Sources */ = {isa = PBXBuildFile; fileRef = 387422761ED3DD060031326C /* TSRefresh.swift */; };
		387422791ED416070031326C /* UIImageView+tsExtension.swift in Sources */ = {isa = PBXBuildFile; fileRef = 387422781ED416070031326C /* UIImageView+tsExtension.swift */; };
		3874227B1ED421620031326C /* TSWebManager.swift in Sources */ = {isa = PBXBuildFile; fileRef = 3874227A1ED421620031326C /* TSWebManager.swift */; };
		3874227D1ED452AB0031326C /* TSWebShowModel.swift in Sources */ = {isa = PBXBuildFile; fileRef = 3874227C1ED452AB0031326C /* TSWebShowModel.swift */; };
		387B6DE81F306501006B18E4 /* TSVideoReleadView.swift in Sources */ = {isa = PBXBuildFile; fileRef = 387B6DE71F306501006B18E4 /* TSVideoReleadView.swift */; };
		387B6DEA1F30652F006B18E4 /* TSVideoReleadCell.swift in Sources */ = {isa = PBXBuildFile; fileRef = 387B6DE91F30652F006B18E4 /* TSVideoReleadCell.swift */; };
		388C2FEC1ECAB9CE000766D6 /* TSWebClient.swift in Sources */ = {isa = PBXBuildFile; fileRef = 388C2FEB1ECAB9CE000766D6 /* TSWebClient.swift */; };
		389057891F259D1F00A49B2A /* TSButtonLabelView.swift in Sources */ = {isa = PBXBuildFile; fileRef = 389057881F259D1F00A49B2A /* TSButtonLabelView.swift */; };
		389566C21F27177500891383 /* TSFlodTextView.swift in Sources */ = {isa = PBXBuildFile; fileRef = 389566C11F27177500891383 /* TSFlodTextView.swift */; };
		389566C41F2717BC00891383 /* TSPIInfoView.swift in Sources */ = {isa = PBXBuildFile; fileRef = 389566C31F2717BC00891383 /* TSPIInfoView.swift */; };
		3896966F1ED7CE57001AA026 /* TSRecommendHeadView.swift in Sources */ = {isa = PBXBuildFile; fileRef = 3896966E1ED7CE57001AA026 /* TSRecommendHeadView.swift */; };
		389E82C81F147150000501DE /* TSPlayerIntroductionView.swift in Sources */ = {isa = PBXBuildFile; fileRef = 389E82C71F147150000501DE /* TSPlayerIntroductionView.swift */; };
		389E82CA1F147172000501DE /* TSPlayerCommentView.swift in Sources */ = {isa = PBXBuildFile; fileRef = 389E82C91F147172000501DE /* TSPlayerCommentView.swift */; };
		38A57B791ED91D9F0096FD51 /* TSWebVC.swift in Sources */ = {isa = PBXBuildFile; fileRef = 38A57B781ED91D9F0096FD51 /* TSWebVC.swift */; };
		38AA89D01F3170DD00B9EA29 /* TSPlayedVideoRelatedModel.swift in Sources */ = {isa = PBXBuildFile; fileRef = 38AA89CF1F3170DD00B9EA29 /* TSPlayedVideoRelatedModel.swift */; };
		38AA89D41F31C5ED00B9EA29 /* TSVideoReleadViewPresent.swift in Sources */ = {isa = PBXBuildFile; fileRef = 38AA89D31F31C5ED00B9EA29 /* TSVideoReleadViewPresent.swift */; };
		38AC97E21ECC02630051436E /* TSLog.swift in Sources */ = {isa = PBXBuildFile; fileRef = 38AC97E11ECC02630051436E /* TSLog.swift */; };
		38BB09891EF7C92A009264E7 /* quickLook.gif in Resources */ = {isa = PBXBuildFile; fileRef = 38BB09881EF7C92A009264E7 /* quickLook.gif */; };
		38BF266E1EE037A900E2225D /* TSRecommendRoute.swift in Sources */ = {isa = PBXBuildFile; fileRef = 38BF266C1EE037A900E2225D /* TSRecommendRoute.swift */; };
		38BF266F1EE037A900E2225D /* TSSwipeTransitionDelegate.swift in Sources */ = {isa = PBXBuildFile; fileRef = 38BF266D1EE037A900E2225D /* TSSwipeTransitionDelegate.swift */; };
		38BF26721EE1631900E2225D /* TSPlayVC.swift in Sources */ = {isa = PBXBuildFile; fileRef = 38BF26711EE1631900E2225D /* TSPlayVC.swift */; };
		38D4D2111F15CC7D00FAB4C2 /* TSSlideMenuView.swift in Sources */ = {isa = PBXBuildFile; fileRef = 38D4D2101F15CC7D00FAB4C2 /* TSSlideMenuView.swift */; };
		38D4D23F1F1623A500FAB4C2 /* String+tsExtension.swift in Sources */ = {isa = PBXBuildFile; fileRef = 38D4D23E1F1623A500FAB4C2 /* String+tsExtension.swift */; };
		38D4D2411F16255600FAB4C2 /* UITapGestureRecognizer.swift in Sources */ = {isa = PBXBuildFile; fileRef = 38D4D2401F16255600FAB4C2 /* UITapGestureRecognizer.swift */; };
		38D5980F1F287D4F00DEBBC8 /* TSUpdateFrameDelegate.swift in Sources */ = {isa = PBXBuildFile; fileRef = 38D5980E1F287D4F00DEBBC8 /* TSUpdateFrameDelegate.swift */; };
		38D598111F289BA300DEBBC8 /* TSPIAuthorAndTagsView.swift in Sources */ = {isa = PBXBuildFile; fileRef = 38D598101F289BA300DEBBC8 /* TSPIAuthorAndTagsView.swift */; };
		38D598131F289BD400DEBBC8 /* TSTagsListView.swift in Sources */ = {isa = PBXBuildFile; fileRef = 38D598121F289BD400DEBBC8 /* TSTagsListView.swift */; };
		38FA1E6B1F232CA400B07144 /* UIImage+tsExtension.swift in Sources */ = {isa = PBXBuildFile; fileRef = 38FA1E6A1F232CA400B07144 /* UIImage+tsExtension.swift */; };
/* End PBXBuildFile section */

/* Begin PBXFileReference section */
		382D84451EF8B47800B79555 /* TSWebInterfaceModel.swift */ = {isa = PBXFileReference; fileEncoding = 4; lastKnownFileType = sourcecode.swift; path = TSWebInterfaceModel.swift; sourceTree = "<group>"; };
		382D84471EF8FC4800B79555 /* TSPlayPresent.swift */ = {isa = PBXFileReference; fileEncoding = 4; lastKnownFileType = sourcecode.swift; path = TSPlayPresent.swift; sourceTree = "<group>"; };
		382D84491EF9015700B79555 /* TSURLConstant.swift */ = {isa = PBXFileReference; fileEncoding = 4; lastKnownFileType = sourcecode.swift; path = TSURLConstant.swift; sourceTree = "<group>"; };
		382D844B1EF9153300B79555 /* TSPlayerView.swift */ = {isa = PBXFileReference; fileEncoding = 4; lastKnownFileType = sourcecode.swift; path = TSPlayerView.swift; sourceTree = "<group>"; };
		38377B841F0F39EC007FD5FB /* TSPlayerExtraInfoView.swift */ = {isa = PBXFileReference; fileEncoding = 4; lastKnownFileType = sourcecode.swift; path = TSPlayerExtraInfoView.swift; sourceTree = "<group>"; };
		38474F8D1ED6B51A0040F4E4 /* TSBaseModel.swift */ = {isa = PBXFileReference; fileEncoding = 4; lastKnownFileType = sourcecode.swift; lineEnding = 0; path = TSBaseModel.swift; sourceTree = "<group>"; xcLanguageSpecificationIdentifier = xcode.lang.swift; };
		38474F8F1ED6E3470040F4E4 /* TSCommon.swift */ = {isa = PBXFileReference; fileEncoding = 4; lastKnownFileType = sourcecode.swift; path = TSCommon.swift; sourceTree = "<group>"; };
		3859857B1ED2BE280048B8B1 /* MyPlayground.playground */ = {isa = PBXFileReference; lastKnownFileType = file.playground; path = MyPlayground.playground; sourceTree = "<group>"; };
		385985801ED2DF1D0048B8B1 /* TSDingContentCell.swift */ = {isa = PBXFileReference; fileEncoding = 4; lastKnownFileType = sourcecode.swift; path = TSDingContentCell.swift; sourceTree = "<group>"; };
		385985811ED2DF1D0048B8B1 /* TSDingModel.swift */ = {isa = PBXFileReference; fileEncoding = 4; lastKnownFileType = sourcecode.swift; path = TSDingModel.swift; sourceTree = "<group>"; };
		385985821ED2DF1D0048B8B1 /* TSRecommendPresent.swift */ = {isa = PBXFileReference; fileEncoding = 4; lastKnownFileType = sourcecode.swift; path = TSRecommendPresent.swift; sourceTree = "<group>"; };
		385985841ED2DF1D0048B8B1 /* TSHomeVC.swift */ = {isa = PBXFileReference; fileEncoding = 4; lastKnownFileType = sourcecode.swift; path = TSHomeVC.swift; sourceTree = "<group>"; };
		385985851ED2DF1D0048B8B1 /* TSLaunchVC.swift */ = {isa = PBXFileReference; fileEncoding = 4; lastKnownFileType = sourcecode.swift; path = TSLaunchVC.swift; sourceTree = "<group>"; };
		385985861ED2DF1D0048B8B1 /* TSMainTabarVC.swift */ = {isa = PBXFileReference; fileEncoding = 4; lastKnownFileType = sourcecode.swift; path = TSMainTabarVC.swift; sourceTree = "<group>"; };
		385985881ED2DF1D0048B8B1 /* TSRecommendVC.swift */ = {isa = PBXFileReference; fileEncoding = 4; lastKnownFileType = sourcecode.swift; path = TSRecommendVC.swift; sourceTree = "<group>"; };
		385985931ED2DF710048B8B1 /* TSBaseViewController.swift */ = {isa = PBXFileReference; fileEncoding = 4; lastKnownFileType = sourcecode.swift; path = TSBaseViewController.swift; sourceTree = "<group>"; };
		3868D5131ECEE480006CB40A /* testDing.jpg */ = {isa = PBXFileReference; lastKnownFileType = image.jpeg; path = testDing.jpg; sourceTree = "<group>"; };
		3869DC291ED51CD1007ECA81 /* TSCarouselView.swift */ = {isa = PBXFileReference; fileEncoding = 4; lastKnownFileType = sourcecode.swift; path = TSCarouselView.swift; sourceTree = "<group>"; };
		3869DC2B1ED56F0C007ECA81 /* readme.md */ = {isa = PBXFileReference; fileEncoding = 4; lastKnownFileType = net.daringfireball.markdown; path = readme.md; sourceTree = "<group>"; };
		3869DC2D1ED57463007ECA81 /* TSWebShowCell.swift */ = {isa = PBXFileReference; fileEncoding = 4; lastKnownFileType = sourcecode.swift; path = TSWebShowCell.swift; sourceTree = "<group>"; };
		38706F2B1EC937AB008C6499 /* BiliBili_sts.app */ = {isa = PBXFileReference; explicitFileType = wrapper.application; includeInIndex = 0; path = BiliBili_sts.app; sourceTree = BUILT_PRODUCTS_DIR; };
		38706F2E1EC937AB008C6499 /* AppDelegate.swift */ = {isa = PBXFileReference; lastKnownFileType = sourcecode.swift; path = AppDelegate.swift; sourceTree = "<group>"; };
		38706F331EC937AB008C6499 /* Base */ = {isa = PBXFileReference; lastKnownFileType = file.storyboard; name = Base; path = Base.lproj/Main.storyboard; sourceTree = "<group>"; };
		38706F351EC937AB008C6499 /* Assets.xcassets */ = {isa = PBXFileReference; lastKnownFileType = folder.assetcatalog; path = Assets.xcassets; sourceTree = "<group>"; };
		38706F381EC937AB008C6499 /* Base */ = {isa = PBXFileReference; lastKnownFileType = file.storyboard; name = Base; path = Base.lproj/LaunchScreen.storyboard; sourceTree = "<group>"; };
		38706F3A1EC937AB008C6499 /* Info.plist */ = {isa = PBXFileReference; lastKnownFileType = text.plist.xml; path = Info.plist; sourceTree = "<group>"; };
		38706F421EC9383F008C6499 /* UIColor+tsExtension.swift */ = {isa = PBXFileReference; fileEncoding = 4; lastKnownFileType = sourcecode.swift; path = "UIColor+tsExtension.swift"; sourceTree = "<group>"; };
		38706F431EC9383F008C6499 /* UIView+tsFrame.swift */ = {isa = PBXFileReference; fileEncoding = 4; lastKnownFileType = sourcecode.swift; path = "UIView+tsFrame.swift"; sourceTree = "<group>"; };
		38706F451EC9383F008C6499 /* TSConstant.swift */ = {isa = PBXFileReference; fileEncoding = 4; lastKnownFileType = sourcecode.swift; path = TSConstant.swift; sourceTree = "<group>"; };
		387422761ED3DD060031326C /* TSRefresh.swift */ = {isa = PBXFileReference; fileEncoding = 4; lastKnownFileType = sourcecode.swift; path = TSRefresh.swift; sourceTree = "<group>"; };
		387422781ED416070031326C /* UIImageView+tsExtension.swift */ = {isa = PBXFileReference; fileEncoding = 4; lastKnownFileType = sourcecode.swift; path = "UIImageView+tsExtension.swift"; sourceTree = "<group>"; };
		3874227A1ED421620031326C /* TSWebManager.swift */ = {isa = PBXFileReference; fileEncoding = 4; lastKnownFileType = sourcecode.swift; lineEnding = 0; path = TSWebManager.swift; sourceTree = "<group>"; xcLanguageSpecificationIdentifier = xcode.lang.swift; };
		3874227C1ED452AB0031326C /* TSWebShowModel.swift */ = {isa = PBXFileReference; fileEncoding = 4; lastKnownFileType = sourcecode.swift; path = TSWebShowModel.swift; sourceTree = "<group>"; };
		387B6DE71F306501006B18E4 /* TSVideoReleadView.swift */ = {isa = PBXFileReference; fileEncoding = 4; lastKnownFileType = sourcecode.swift; path = TSVideoReleadView.swift; sourceTree = "<group>"; };
		387B6DE91F30652F006B18E4 /* TSVideoReleadCell.swift */ = {isa = PBXFileReference; fileEncoding = 4; lastKnownFileType = sourcecode.swift; path = TSVideoReleadCell.swift; sourceTree = "<group>"; };
		388C2FEB1ECAB9CE000766D6 /* TSWebClient.swift */ = {isa = PBXFileReference; fileEncoding = 4; lastKnownFileType = sourcecode.swift; path = TSWebClient.swift; sourceTree = "<group>"; };
		389057881F259D1F00A49B2A /* TSButtonLabelView.swift */ = {isa = PBXFileReference; fileEncoding = 4; lastKnownFileType = sourcecode.swift; name = TSButtonLabelView.swift; path = Feature/TSButtonLabelView.swift; sourceTree = "<group>"; };
		389566C11F27177500891383 /* TSFlodTextView.swift */ = {isa = PBXFileReference; fileEncoding = 4; lastKnownFileType = sourcecode.swift; name = TSFlodTextView.swift; path = Feature/TSFlodTextView.swift; sourceTree = "<group>"; };
		389566C31F2717BC00891383 /* TSPIInfoView.swift */ = {isa = PBXFileReference; fileEncoding = 4; lastKnownFileType = sourcecode.swift; path = TSPIInfoView.swift; sourceTree = "<group>"; };
		3896966E1ED7CE57001AA026 /* TSRecommendHeadView.swift */ = {isa = PBXFileReference; fileEncoding = 4; lastKnownFileType = sourcecode.swift; path = TSRecommendHeadView.swift; sourceTree = "<group>"; };
		389E82C71F147150000501DE /* TSPlayerIntroductionView.swift */ = {isa = PBXFileReference; fileEncoding = 4; lastKnownFileType = sourcecode.swift; path = TSPlayerIntroductionView.swift; sourceTree = "<group>"; };
		389E82C91F147172000501DE /* TSPlayerCommentView.swift */ = {isa = PBXFileReference; fileEncoding = 4; lastKnownFileType = sourcecode.swift; path = TSPlayerCommentView.swift; sourceTree = "<group>"; };
		38A57B781ED91D9F0096FD51 /* TSWebVC.swift */ = {isa = PBXFileReference; fileEncoding = 4; lastKnownFileType = sourcecode.swift; path = TSWebVC.swift; sourceTree = "<group>"; };
		38AA89CF1F3170DD00B9EA29 /* TSPlayedVideoRelatedModel.swift */ = {isa = PBXFileReference; fileEncoding = 4; lastKnownFileType = sourcecode.swift; path = TSPlayedVideoRelatedModel.swift; sourceTree = "<group>"; };
		38AA89D31F31C5ED00B9EA29 /* TSVideoReleadViewPresent.swift */ = {isa = PBXFileReference; fileEncoding = 4; lastKnownFileType = sourcecode.swift; path = TSVideoReleadViewPresent.swift; sourceTree = "<group>"; };
		38AC97E11ECC02630051436E /* TSLog.swift */ = {isa = PBXFileReference; fileEncoding = 4; lastKnownFileType = sourcecode.swift; path = TSLog.swift; sourceTree = "<group>"; };
		38BB09881EF7C92A009264E7 /* quickLook.gif */ = {isa = PBXFileReference; lastKnownFileType = image.gif; path = quickLook.gif; sourceTree = "<group>"; };
		38BF266C1EE037A900E2225D /* TSRecommendRoute.swift */ = {isa = PBXFileReference; fileEncoding = 4; lastKnownFileType = sourcecode.swift; path = TSRecommendRoute.swift; sourceTree = "<group>"; };
		38BF266D1EE037A900E2225D /* TSSwipeTransitionDelegate.swift */ = {isa = PBXFileReference; fileEncoding = 4; lastKnownFileType = sourcecode.swift; path = TSSwipeTransitionDelegate.swift; sourceTree = "<group>"; };
		38BF26711EE1631900E2225D /* TSPlayVC.swift */ = {isa = PBXFileReference; fileEncoding = 4; lastKnownFileType = sourcecode.swift; path = TSPlayVC.swift; sourceTree = "<group>"; };
		38C32DDF1F14F2FF00479743 /* BiliBili_sts-Bridging-Header.h */ = {isa = PBXFileReference; fileEncoding = 4; lastKnownFileType = sourcecode.c.h; path = "BiliBili_sts-Bridging-Header.h"; sourceTree = "<group>"; };
		38D4D2101F15CC7D00FAB4C2 /* TSSlideMenuView.swift */ = {isa = PBXFileReference; fileEncoding = 4; lastKnownFileType = sourcecode.swift; path = TSSlideMenuView.swift; sourceTree = "<group>"; };
		38D4D23E1F1623A500FAB4C2 /* String+tsExtension.swift */ = {isa = PBXFileReference; fileEncoding = 4; lastKnownFileType = sourcecode.swift; path = "String+tsExtension.swift"; sourceTree = "<group>"; };
		38D4D2401F16255600FAB4C2 /* UITapGestureRecognizer.swift */ = {isa = PBXFileReference; fileEncoding = 4; lastKnownFileType = sourcecode.swift; path = UITapGestureRecognizer.swift; sourceTree = "<group>"; };
		38D5980E1F287D4F00DEBBC8 /* TSUpdateFrameDelegate.swift */ = {isa = PBXFileReference; fileEncoding = 4; lastKnownFileType = sourcecode.swift; path = TSUpdateFrameDelegate.swift; sourceTree = "<group>"; };
		38D598101F289BA300DEBBC8 /* TSPIAuthorAndTagsView.swift */ = {isa = PBXFileReference; fileEncoding = 4; lastKnownFileType = sourcecode.swift; path = TSPIAuthorAndTagsView.swift; sourceTree = "<group>"; };
		38D598121F289BD400DEBBC8 /* TSTagsListView.swift */ = {isa = PBXFileReference; fileEncoding = 4; lastKnownFileType = sourcecode.swift; path = TSTagsListView.swift; sourceTree = "<group>"; };
		38FA1E6A1F232CA400B07144 /* UIImage+tsExtension.swift */ = {isa = PBXFileReference; fileEncoding = 4; lastKnownFileType = sourcecode.swift; path = "UIImage+tsExtension.swift"; sourceTree = "<group>"; };
		3CEC01E06CA9D0D7897D4BC2 /* Pods-BiliBili_sts.debug.xcconfig */ = {isa = PBXFileReference; includeInIndex = 1; lastKnownFileType = text.xcconfig; name = "Pods-BiliBili_sts.debug.xcconfig"; path = "Pods/Target Support Files/Pods-BiliBili_sts/Pods-BiliBili_sts.debug.xcconfig"; sourceTree = "<group>"; };
		4C0C57D564EA96A4AEF03B6E /* Pods-BiliBili_sts.release.xcconfig */ = {isa = PBXFileReference; includeInIndex = 1; lastKnownFileType = text.xcconfig; name = "Pods-BiliBili_sts.release.xcconfig"; path = "Pods/Target Support Files/Pods-BiliBili_sts/Pods-BiliBili_sts.release.xcconfig"; sourceTree = "<group>"; };
		5B0B006D83B1148C1222A0F4 /* Pods_BiliBili_sts.framework */ = {isa = PBXFileReference; explicitFileType = wrapper.framework; includeInIndex = 0; path = Pods_BiliBili_sts.framework; sourceTree = BUILT_PRODUCTS_DIR; };
/* End PBXFileReference section */

/* Begin PBXFrameworksBuildPhase section */
		38706F281EC937AB008C6499 /* Frameworks */ = {
			isa = PBXFrameworksBuildPhase;
			buildActionMask = 2147483647;
			files = (
				142501BE76450E8652BB1D3D /* Pods_BiliBili_sts.framework in Frameworks */,
			);
			runOnlyForDeploymentPostprocessing = 0;
		};
/* End PBXFrameworksBuildPhase section */

/* Begin PBXGroup section */
		3859857E1ED2DF1D0048B8B1 /* Feature */ = {
			isa = PBXGroup;
			children = (
				38BF26701EE0385400E2225D /* 播放 */,
				38A57B771ED91D8C0096FD51 /* 网页 */,
				385985971ED2E5790048B8B1 /* 首页 */,
				385985951ED2E53D0048B8B1 /* 启动 */,
			);
			path = Feature;
			sourceTree = "<group>";
		};
		385985951ED2E53D0048B8B1 /* 启动 */ = {
			isa = PBXGroup;
			children = (
				385985861ED2DF1D0048B8B1 /* TSMainTabarVC.swift */,
				385985851ED2DF1D0048B8B1 /* TSLaunchVC.swift */,
			);
			name = "启动";
			sourceTree = "<group>";
		};
		385985971ED2E5790048B8B1 /* 首页 */ = {
			isa = PBXGroup;
			children = (
				385985981ED2E5870048B8B1 /* 推荐 */,
				385985841ED2DF1D0048B8B1 /* TSHomeVC.swift */,
			);
			name = "首页";
			sourceTree = "<group>";
		};
		385985981ED2E5870048B8B1 /* 推荐 */ = {
			isa = PBXGroup;
			children = (
				385985881ED2DF1D0048B8B1 /* TSRecommendVC.swift */,
				38BF266B1EE0372E00E2225D /* Route */,
				3859859D1ED2FFC40048B8B1 /* Present */,
				3859859A1ED2E5A60048B8B1 /* Model */,
				385985991ED2E5980048B8B1 /* View */,
			);
			name = "推荐";
			sourceTree = "<group>";
		};
		385985991ED2E5980048B8B1 /* View */ = {
			isa = PBXGroup;
			children = (
				385985801ED2DF1D0048B8B1 /* TSDingContentCell.swift */,
				3869DC2D1ED57463007ECA81 /* TSWebShowCell.swift */,
				3896966E1ED7CE57001AA026 /* TSRecommendHeadView.swift */,
			);
			name = View;
			sourceTree = "<group>";
		};
		3859859A1ED2E5A60048B8B1 /* Model */ = {
			isa = PBXGroup;
			children = (
				385985811ED2DF1D0048B8B1 /* TSDingModel.swift */,
				3874227C1ED452AB0031326C /* TSWebShowModel.swift */,
				382D84451EF8B47800B79555 /* TSWebInterfaceModel.swift */,
			);
			name = Model;
			sourceTree = "<group>";
		};
		3859859D1ED2FFC40048B8B1 /* Present */ = {
			isa = PBXGroup;
			children = (
				385985821ED2DF1D0048B8B1 /* TSRecommendPresent.swift */,
			);
			name = Present;
			sourceTree = "<group>";
		};
		3868D5121ECEE3F6006CB40A /* Res */ = {
			isa = PBXGroup;
			children = (
				38BB09881EF7C92A009264E7 /* quickLook.gif */,
				3868D5131ECEE480006CB40A /* testDing.jpg */,
			);
			path = Res;
			sourceTree = "<group>";
		};
		3868D5151ECFFAA2006CB40A /* Libs */ = {
			isa = PBXGroup;
			children = (
				38474F8F1ED6E3470040F4E4 /* TSCommon.swift */,
				3869DC281ED51C45007ECA81 /* libs */,
				3869DC271ED51C0B007ECA81 /* wrap */,
				385985931ED2DF710048B8B1 /* TSBaseViewController.swift */,
			);
			path = Libs;
			sourceTree = "<group>";
		};
		3869DC271ED51C0B007ECA81 /* wrap */ = {
			isa = PBXGroup;
			children = (
				387422761ED3DD060031326C /* TSRefresh.swift */,
				38474F8D1ED6B51A0040F4E4 /* TSBaseModel.swift */,
			);
			name = wrap;
			sourceTree = "<group>";
		};
		3869DC281ED51C45007ECA81 /* libs */ = {
			isa = PBXGroup;
			children = (
				3869DC291ED51CD1007ECA81 /* TSCarouselView.swift */,
				38D4D2101F15CC7D00FAB4C2 /* TSSlideMenuView.swift */,
			);
			name = libs;
			sourceTree = "<group>";
		};
		38706F221EC937AB008C6499 = {
			isa = PBXGroup;
			children = (
				3869DC2B1ED56F0C007ECA81 /* readme.md */,
				3859857B1ED2BE280048B8B1 /* MyPlayground.playground */,
				38706F2D1EC937AB008C6499 /* BiliBili_sts */,
				38706F2C1EC937AB008C6499 /* Products */,
				5284D387006077370AB893CF /* Pods */,
				8CD4457F3D3F75C64A109E94 /* Frameworks */,
			);
			sourceTree = "<group>";
		};
		38706F2C1EC937AB008C6499 /* Products */ = {
			isa = PBXGroup;
			children = (
				38706F2B1EC937AB008C6499 /* BiliBili_sts.app */,
			);
			name = Products;
			sourceTree = "<group>";
		};
		38706F2D1EC937AB008C6499 /* BiliBili_sts */ = {
			isa = PBXGroup;
			children = (
				387B6DE51F3063C4006B18E4 /* View */,
				3859857E1ED2DF1D0048B8B1 /* Feature */,
				3868D5121ECEE3F6006CB40A /* Res */,
				38706F401EC9383F008C6499 /* STL */,
				38706F2E1EC937AB008C6499 /* AppDelegate.swift */,
				38706F321EC937AB008C6499 /* Main.storyboard */,
				38706F351EC937AB008C6499 /* Assets.xcassets */,
				38706F371EC937AB008C6499 /* LaunchScreen.storyboard */,
				38706F3A1EC937AB008C6499 /* Info.plist */,
				38C32DDF1F14F2FF00479743 /* BiliBili_sts-Bridging-Header.h */,
			);
			path = BiliBili_sts;
			sourceTree = "<group>";
		};
		38706F401EC9383F008C6499 /* STL */ = {
			isa = PBXGroup;
			children = (
				3868D5151ECFFAA2006CB40A /* Libs */,
				388C2FEA1ECAB9A4000766D6 /* Network */,
				38706F411EC9383F008C6499 /* Extension */,
				38706F441EC9383F008C6499 /* Util */,
			);
			path = STL;
			sourceTree = "<group>";
		};
		38706F411EC9383F008C6499 /* Extension */ = {
			isa = PBXGroup;
			children = (
				38706F421EC9383F008C6499 /* UIColor+tsExtension.swift */,
				38706F431EC9383F008C6499 /* UIView+tsFrame.swift */,
				387422781ED416070031326C /* UIImageView+tsExtension.swift */,
				38D4D23E1F1623A500FAB4C2 /* String+tsExtension.swift */,
				38D4D2401F16255600FAB4C2 /* UITapGestureRecognizer.swift */,
				38FA1E6A1F232CA400B07144 /* UIImage+tsExtension.swift */,
			);
			path = Extension;
			sourceTree = "<group>";
		};
		38706F441EC9383F008C6499 /* Util */ = {
			isa = PBXGroup;
			children = (
				38706F451EC9383F008C6499 /* TSConstant.swift */,
				38AC97E11ECC02630051436E /* TSLog.swift */,
			);
			path = Util;
			sourceTree = "<group>";
		};
		387B6DE51F3063C4006B18E4 /* View */ = {
			isa = PBXGroup;
			children = (
				389057881F259D1F00A49B2A /* TSButtonLabelView.swift */,
				389566C11F27177500891383 /* TSFlodTextView.swift */,
			);
			name = View;
			sourceTree = "<group>";
		};
		387B6DE61F3064E2006B18E4 /* 视频相关 */ = {
			isa = PBXGroup;
			children = (
				387B6DE71F306501006B18E4 /* TSVideoReleadView.swift */,
				387B6DE91F30652F006B18E4 /* TSVideoReleadCell.swift */,
			);
			name = "视频相关";
			sourceTree = "<group>";
		};
		387B6DEB1F3080B4006B18E4 /* View */ = {
			isa = PBXGroup;
			children = (
				389E82C61F14712D000501DE /* 播放器额外信息 */,
				389E82C51F14711A000501DE /* 播放器 */,
			);
			name = View;
			sourceTree = "<group>";
		};
		387B6DEC1F30811B006B18E4 /* Present */ = {
			isa = PBXGroup;
			children = (
				382D84471EF8FC4800B79555 /* TSPlayPresent.swift */,
				38AA89D31F31C5ED00B9EA29 /* TSVideoReleadViewPresent.swift */,
			);
			name = Present;
			sourceTree = "<group>";
		};
		388C2FEA1ECAB9A4000766D6 /* Network */ = {
			isa = PBXGroup;
			children = (
				388C2FEB1ECAB9CE000766D6 /* TSWebClient.swift */,
				3874227A1ED421620031326C /* TSWebManager.swift */,
				382D84491EF9015700B79555 /* TSURLConstant.swift */,
			);
			path = Network;
			sourceTree = "<group>";
		};
		3890578A1F25C83A00A49B2A /* 简介 */ = {
			isa = PBXGroup;
			children = (
				389E82C71F147150000501DE /* TSPlayerIntroductionView.swift */,
				38AA89D21F31A8A200B9EA29 /* 视频信息 */,
				38AA89D11F31A87100B9EA29 /* 其他信息 */,
				387B6DE61F3064E2006B18E4 /* 视频相关 */,
			);
			name = "简介";
			sourceTree = "<group>";
		};
		389E82C51F14711A000501DE /* 播放器 */ = {
			isa = PBXGroup;
			children = (
				382D844B1EF9153300B79555 /* TSPlayerView.swift */,
			);
			name = "播放器";
			sourceTree = "<group>";
		};
		389E82C61F14712D000501DE /* 播放器额外信息 */ = {
			isa = PBXGroup;
			children = (
				38377B841F0F39EC007FD5FB /* TSPlayerExtraInfoView.swift */,
				3890578A1F25C83A00A49B2A /* 简介 */,
				38D598141F289C9B00DEBBC8 /* 评论 */,
			);
			name = "播放器额外信息";
			sourceTree = "<group>";
		};
		38A57B771ED91D8C0096FD51 /* 网页 */ = {
			isa = PBXGroup;
			children = (
				38A57B781ED91D9F0096FD51 /* TSWebVC.swift */,
			);
			name = "网页";
			sourceTree = "<group>";
		};
		38AA89CE1F3170B900B9EA29 /* Model */ = {
			isa = PBXGroup;
			children = (
				38AA89CF1F3170DD00B9EA29 /* TSPlayedVideoRelatedModel.swift */,
			);
			name = Model;
			sourceTree = "<group>";
		};
		38AA89D11F31A87100B9EA29 /* 其他信息 */ = {
			isa = PBXGroup;
			children = (
				38D598101F289BA300DEBBC8 /* TSPIAuthorAndTagsView.swift */,
				38D598121F289BD400DEBBC8 /* TSTagsListView.swift */,
			);
			name = "其他信息";
			sourceTree = "<group>";
		};
		38AA89D21F31A8A200B9EA29 /* 视频信息 */ = {
			isa = PBXGroup;
			children = (
				389566C31F2717BC00891383 /* TSPIInfoView.swift */,
			);
			name = "视频信息";
			sourceTree = "<group>";
		};
		38BF266B1EE0372E00E2225D /* Route */ = {
			isa = PBXGroup;
			children = (
				38BF266C1EE037A900E2225D /* TSRecommendRoute.swift */,
				38BF266D1EE037A900E2225D /* TSSwipeTransitionDelegate.swift */,
			);
			name = Route;
			sourceTree = "<group>";
		};
		38BF26701EE0385400E2225D /* 播放 */ = {
			isa = PBXGroup;
			children = (
				38AA89CE1F3170B900B9EA29 /* Model */,
				387B6DEC1F30811B006B18E4 /* Present */,
				387B6DEB1F3080B4006B18E4 /* View */,
				38D5980E1F287D4F00DEBBC8 /* TSUpdateFrameDelegate.swift */,
				38BF26711EE1631900E2225D /* TSPlayVC.swift */,
			);
			name = "播放";
			sourceTree = "<group>";
		};
		38D598141F289C9B00DEBBC8 /* 评论 */ = {
			isa = PBXGroup;
			children = (
				389E82C91F147172000501DE /* TSPlayerCommentView.swift */,
			);
			name = "评论";
			sourceTree = "<group>";
		};
		5284D387006077370AB893CF /* Pods */ = {
			isa = PBXGroup;
			children = (
				3CEC01E06CA9D0D7897D4BC2 /* Pods-BiliBili_sts.debug.xcconfig */,
				4C0C57D564EA96A4AEF03B6E /* Pods-BiliBili_sts.release.xcconfig */,
			);
			name = Pods;
			sourceTree = "<group>";
		};
		8CD4457F3D3F75C64A109E94 /* Frameworks */ = {
			isa = PBXGroup;
			children = (
				5B0B006D83B1148C1222A0F4 /* Pods_BiliBili_sts.framework */,
			);
			name = Frameworks;
			sourceTree = "<group>";
		};
/* End PBXGroup section */

/* Begin PBXNativeTarget section */
		38706F2A1EC937AB008C6499 /* BiliBili_sts */ = {
			isa = PBXNativeTarget;
			buildConfigurationList = 38706F3D1EC937AB008C6499 /* Build configuration list for PBXNativeTarget "BiliBili_sts" */;
			buildPhases = (
				3573BBF682F0D61005348C58 /* [CP] Check Pods Manifest.lock */,
				38706F271EC937AB008C6499 /* Sources */,
				38706F281EC937AB008C6499 /* Frameworks */,
				38706F291EC937AB008C6499 /* Resources */,
				A8D0BBCB81C33CA1C2FD9F1A /* [CP] Embed Pods Frameworks */,
				AC43EDC6878BAAEE13414F4E /* [CP] Copy Pods Resources */,
			);
			buildRules = (
			);
			dependencies = (
			);
			name = BiliBili_sts;
			productName = BiliBili_sts;
			productReference = 38706F2B1EC937AB008C6499 /* BiliBili_sts.app */;
			productType = "com.apple.product-type.application";
		};
/* End PBXNativeTarget section */

/* Begin PBXProject section */
		38706F231EC937AB008C6499 /* Project object */ = {
			isa = PBXProject;
			attributes = {
				LastSwiftUpdateCheck = 0830;
				LastUpgradeCheck = 0830;
				ORGANIZATIONNAME = sts;
				TargetAttributes = {
					38706F2A1EC937AB008C6499 = {
						CreatedOnToolsVersion = 8.3.2;
						ProvisioningStyle = Automatic;
					};
				};
			};
			buildConfigurationList = 38706F261EC937AB008C6499 /* Build configuration list for PBXProject "BiliBili_sts" */;
			compatibilityVersion = "Xcode 3.2";
			developmentRegion = English;
			hasScannedForEncodings = 0;
			knownRegions = (
				en,
				Base,
			);
			mainGroup = 38706F221EC937AB008C6499;
			productRefGroup = 38706F2C1EC937AB008C6499 /* Products */;
			projectDirPath = "";
			projectRoot = "";
			targets = (
				38706F2A1EC937AB008C6499 /* BiliBili_sts */,
			);
		};
/* End PBXProject section */

/* Begin PBXResourcesBuildPhase section */
		38706F291EC937AB008C6499 /* Resources */ = {
			isa = PBXResourcesBuildPhase;
			buildActionMask = 2147483647;
			files = (
				38706F391EC937AB008C6499 /* LaunchScreen.storyboard in Resources */,
				38706F361EC937AB008C6499 /* Assets.xcassets in Resources */,
				38BB09891EF7C92A009264E7 /* quickLook.gif in Resources */,
				38706F341EC937AB008C6499 /* Main.storyboard in Resources */,
				3868D5141ECEE480006CB40A /* testDing.jpg in Resources */,
			);
			runOnlyForDeploymentPostprocessing = 0;
		};
/* End PBXResourcesBuildPhase section */

/* Begin PBXShellScriptBuildPhase section */
		3573BBF682F0D61005348C58 /* [CP] Check Pods Manifest.lock */ = {
			isa = PBXShellScriptBuildPhase;
			buildActionMask = 2147483647;
			files = (
			);
			inputPaths = (
			);
			name = "[CP] Check Pods Manifest.lock";
			outputPaths = (
			);
			runOnlyForDeploymentPostprocessing = 0;
			shellPath = /bin/sh;
			shellScript = "diff \"${PODS_ROOT}/../Podfile.lock\" \"${PODS_ROOT}/Manifest.lock\" > /dev/null\nif [ $? != 0 ] ; then\n    # print error to STDERR\n    echo \"error: The sandbox is not in sync with the Podfile.lock. Run 'pod install' or update your CocoaPods installation.\" >&2\n    exit 1\nfi\n";
			showEnvVarsInLog = 0;
		};
		A8D0BBCB81C33CA1C2FD9F1A /* [CP] Embed Pods Frameworks */ = {
			isa = PBXShellScriptBuildPhase;
			buildActionMask = 2147483647;
			files = (
			);
			inputPaths = (
			);
			name = "[CP] Embed Pods Frameworks";
			outputPaths = (
			);
			runOnlyForDeploymentPostprocessing = 0;
			shellPath = /bin/sh;
			shellScript = "\"${SRCROOT}/Pods/Target Support Files/Pods-BiliBili_sts/Pods-BiliBili_sts-frameworks.sh\"\n";
			showEnvVarsInLog = 0;
		};
		AC43EDC6878BAAEE13414F4E /* [CP] Copy Pods Resources */ = {
			isa = PBXShellScriptBuildPhase;
			buildActionMask = 2147483647;
			files = (
			);
			inputPaths = (
			);
			name = "[CP] Copy Pods Resources";
			outputPaths = (
			);
			runOnlyForDeploymentPostprocessing = 0;
			shellPath = /bin/sh;
			shellScript = "\"${SRCROOT}/Pods/Target Support Files/Pods-BiliBili_sts/Pods-BiliBili_sts-resources.sh\"\n";
			showEnvVarsInLog = 0;
		};
/* End PBXShellScriptBuildPhase section */

/* Begin PBXSourcesBuildPhase section */
		38706F271EC937AB008C6499 /* Sources */ = {
			isa = PBXSourcesBuildPhase;
			buildActionMask = 2147483647;
			files = (
				3859858E1ED2DF1D0048B8B1 /* TSHomeVC.swift in Sources */,
				389E82CA1F147172000501DE /* TSPlayerCommentView.swift in Sources */,
				38BF26721EE1631900E2225D /* TSPlayVC.swift in Sources */,
				38AA89D41F31C5ED00B9EA29 /* TSVideoReleadViewPresent.swift in Sources */,
				38706F4C1EC9383F008C6499 /* UIView+tsFrame.swift in Sources */,
				3896966F1ED7CE57001AA026 /* TSRecommendHeadView.swift in Sources */,
				3874227D1ED452AB0031326C /* TSWebShowModel.swift in Sources */,
				3859858C1ED2DF1D0048B8B1 /* TSRecommendPresent.swift in Sources */,
				38D4D2411F16255600FAB4C2 /* UITapGestureRecognizer.swift in Sources */,
				389057891F259D1F00A49B2A /* TSButtonLabelView.swift in Sources */,
				387422771ED3DD060031326C /* TSRefresh.swift in Sources */,
				3859858A1ED2DF1D0048B8B1 /* TSDingContentCell.swift in Sources */,
				3869DC2C1ED56F0C007ECA81 /* readme.md in Sources */,
				38377B851F0F39EC007FD5FB /* TSPlayerExtraInfoView.swift in Sources */,
				38FA1E6B1F232CA400B07144 /* UIImage+tsExtension.swift in Sources */,
				3869DC2A1ED51CD1007ECA81 /* TSCarouselView.swift in Sources */,
				3874227B1ED421620031326C /* TSWebManager.swift in Sources */,
				382D84461EF8B47800B79555 /* TSWebInterfaceModel.swift in Sources */,
				38BF266E1EE037A900E2225D /* TSRecommendRoute.swift in Sources */,
				385985941ED2DF710048B8B1 /* TSBaseViewController.swift in Sources */,
				382D84481EF8FC4800B79555 /* TSPlayPresent.swift in Sources */,
				387B6DE81F306501006B18E4 /* TSVideoReleadView.swift in Sources */,
				388C2FEC1ECAB9CE000766D6 /* TSWebClient.swift in Sources */,
				382D844A1EF9015700B79555 /* TSURLConstant.swift in Sources */,
				3859858F1ED2DF1D0048B8B1 /* TSLaunchVC.swift in Sources */,
				38706F4B1EC9383F008C6499 /* UIColor+tsExtension.swift in Sources */,
				3859858B1ED2DF1D0048B8B1 /* TSDingModel.swift in Sources */,
				38D5980F1F287D4F00DEBBC8 /* TSUpdateFrameDelegate.swift in Sources */,
				38BF266F1EE037A900E2225D /* TSSwipeTransitionDelegate.swift in Sources */,
				3869DC2E1ED57463007ECA81 /* TSWebShowCell.swift in Sources */,
				38D4D2111F15CC7D00FAB4C2 /* TSSlideMenuView.swift in Sources */,
				38474F901ED6E3470040F4E4 /* TSCommon.swift in Sources */,
				38474F8E1ED6B51A0040F4E4 /* TSBaseModel.swift in Sources */,
				385985921ED2DF1D0048B8B1 /* TSRecommendVC.swift in Sources */,
				38D598131F289BD400DEBBC8 /* TSTagsListView.swift in Sources */,
				38706F2F1EC937AB008C6499 /* AppDelegate.swift in Sources */,
				389566C41F2717BC00891383 /* TSPIInfoView.swift in Sources */,
				387B6DEA1F30652F006B18E4 /* TSVideoReleadCell.swift in Sources */,
				38A57B791ED91D9F0096FD51 /* TSWebVC.swift in Sources */,
				389566C21F27177500891383 /* TSFlodTextView.swift in Sources */,
				389E82C81F147150000501DE /* TSPlayerIntroductionView.swift in Sources */,
				385985901ED2DF1D0048B8B1 /* TSMainTabarVC.swift in Sources */,
				38AA89D01F3170DD00B9EA29 /* TSPlayedVideoRelatedModel.swift in Sources */,
				382D844C1EF9153300B79555 /* TSPlayerView.swift in Sources */,
				387422791ED416070031326C /* UIImageView+tsExtension.swift in Sources */,
				38AC97E21ECC02630051436E /* TSLog.swift in Sources */,
				38706F4D1EC9383F008C6499 /* TSConstant.swift in Sources */,
				38D598111F289BA300DEBBC8 /* TSPIAuthorAndTagsView.swift in Sources */,
				38D4D23F1F1623A500FAB4C2 /* String+tsExtension.swift in Sources */,
			);
			runOnlyForDeploymentPostprocessing = 0;
		};
/* End PBXSourcesBuildPhase section */

/* Begin PBXVariantGroup section */
		38706F321EC937AB008C6499 /* Main.storyboard */ = {
			isa = PBXVariantGroup;
			children = (
				38706F331EC937AB008C6499 /* Base */,
			);
			name = Main.storyboard;
			sourceTree = "<group>";
		};
		38706F371EC937AB008C6499 /* LaunchScreen.storyboard */ = {
			isa = PBXVariantGroup;
			children = (
				38706F381EC937AB008C6499 /* Base */,
			);
			name = LaunchScreen.storyboard;
			sourceTree = "<group>";
		};
/* End PBXVariantGroup section */

/* Begin XCBuildConfiguration section */
		38706F3B1EC937AB008C6499 /* Debug */ = {
			isa = XCBuildConfiguration;
			buildSettings = {
				ALWAYS_SEARCH_USER_PATHS = NO;
				CLANG_ANALYZER_NONNULL = YES;
				CLANG_ANALYZER_NUMBER_OBJECT_CONVERSION = YES_AGGRESSIVE;
				CLANG_CXX_LANGUAGE_STANDARD = "gnu++0x";
				CLANG_CXX_LIBRARY = "libc++";
				CLANG_ENABLE_MODULES = YES;
				CLANG_ENABLE_OBJC_ARC = YES;
				CLANG_WARN_BOOL_CONVERSION = YES;
				CLANG_WARN_CONSTANT_CONVERSION = YES;
				CLANG_WARN_DIRECT_OBJC_ISA_USAGE = YES_ERROR;
				CLANG_WARN_DOCUMENTATION_COMMENTS = YES;
				CLANG_WARN_EMPTY_BODY = YES;
				CLANG_WARN_ENUM_CONVERSION = YES;
				CLANG_WARN_INFINITE_RECURSION = YES;
				CLANG_WARN_INT_CONVERSION = YES;
				CLANG_WARN_OBJC_ROOT_CLASS = YES_ERROR;
				CLANG_WARN_SUSPICIOUS_MOVE = YES;
				CLANG_WARN_UNREACHABLE_CODE = YES;
				CLANG_WARN__DUPLICATE_METHOD_MATCH = YES;
				"CODE_SIGN_IDENTITY[sdk=iphoneos*]" = "iPhone Developer";
				COPY_PHASE_STRIP = NO;
				DEBUG_INFORMATION_FORMAT = dwarf;
				ENABLE_STRICT_OBJC_MSGSEND = YES;
				ENABLE_TESTABILITY = YES;
				GCC_C_LANGUAGE_STANDARD = gnu99;
				GCC_DYNAMIC_NO_PIC = NO;
				GCC_NO_COMMON_BLOCKS = YES;
				GCC_OPTIMIZATION_LEVEL = 0;
				GCC_PREPROCESSOR_DEFINITIONS = (
					"DEBUG=1",
					"$(inherited)",
				);
				GCC_WARN_64_TO_32_BIT_CONVERSION = YES;
				GCC_WARN_ABOUT_RETURN_TYPE = YES_ERROR;
				GCC_WARN_UNDECLARED_SELECTOR = YES;
				GCC_WARN_UNINITIALIZED_AUTOS = YES_AGGRESSIVE;
				GCC_WARN_UNUSED_FUNCTION = YES;
				GCC_WARN_UNUSED_VARIABLE = YES;
				IPHONEOS_DEPLOYMENT_TARGET = 10.3;
				MTL_ENABLE_DEBUG_INFO = YES;
				ONLY_ACTIVE_ARCH = YES;
				SDKROOT = iphoneos;
				SWIFT_ACTIVE_COMPILATION_CONDITIONS = DEBUG;
				SWIFT_OPTIMIZATION_LEVEL = "-Onone";
			};
			name = Debug;
		};
		38706F3C1EC937AB008C6499 /* Release */ = {
			isa = XCBuildConfiguration;
			buildSettings = {
				ALWAYS_SEARCH_USER_PATHS = NO;
				CLANG_ANALYZER_NONNULL = YES;
				CLANG_ANALYZER_NUMBER_OBJECT_CONVERSION = YES_AGGRESSIVE;
				CLANG_CXX_LANGUAGE_STANDARD = "gnu++0x";
				CLANG_CXX_LIBRARY = "libc++";
				CLANG_ENABLE_MODULES = YES;
				CLANG_ENABLE_OBJC_ARC = YES;
				CLANG_WARN_BOOL_CONVERSION = YES;
				CLANG_WARN_CONSTANT_CONVERSION = YES;
				CLANG_WARN_DIRECT_OBJC_ISA_USAGE = YES_ERROR;
				CLANG_WARN_DOCUMENTATION_COMMENTS = YES;
				CLANG_WARN_EMPTY_BODY = YES;
				CLANG_WARN_ENUM_CONVERSION = YES;
				CLANG_WARN_INFINITE_RECURSION = YES;
				CLANG_WARN_INT_CONVERSION = YES;
				CLANG_WARN_OBJC_ROOT_CLASS = YES_ERROR;
				CLANG_WARN_SUSPICIOUS_MOVE = YES;
				CLANG_WARN_UNREACHABLE_CODE = YES;
				CLANG_WARN__DUPLICATE_METHOD_MATCH = YES;
				"CODE_SIGN_IDENTITY[sdk=iphoneos*]" = "iPhone Developer";
				COPY_PHASE_STRIP = NO;
				DEBUG_INFORMATION_FORMAT = "dwarf-with-dsym";
				ENABLE_NS_ASSERTIONS = NO;
				ENABLE_STRICT_OBJC_MSGSEND = YES;
				GCC_C_LANGUAGE_STANDARD = gnu99;
				GCC_NO_COMMON_BLOCKS = YES;
				GCC_WARN_64_TO_32_BIT_CONVERSION = YES;
				GCC_WARN_ABOUT_RETURN_TYPE = YES_ERROR;
				GCC_WARN_UNDECLARED_SELECTOR = YES;
				GCC_WARN_UNINITIALIZED_AUTOS = YES_AGGRESSIVE;
				GCC_WARN_UNUSED_FUNCTION = YES;
				GCC_WARN_UNUSED_VARIABLE = YES;
				IPHONEOS_DEPLOYMENT_TARGET = 10.3;
				MTL_ENABLE_DEBUG_INFO = NO;
				SDKROOT = iphoneos;
				SWIFT_OPTIMIZATION_LEVEL = "-Owholemodule";
				VALIDATE_PRODUCT = YES;
			};
			name = Release;
		};
		38706F3E1EC937AB008C6499 /* Debug */ = {
			isa = XCBuildConfiguration;
			baseConfigurationReference = 3CEC01E06CA9D0D7897D4BC2 /* Pods-BiliBili_sts.debug.xcconfig */;
			buildSettings = {
				ASSETCATALOG_COMPILER_APPICON_NAME = AppIcon;
				INFOPLIST_FILE = BiliBili_sts/Info.plist;
				IPHONEOS_DEPLOYMENT_TARGET = 10.0;
				LD_RUNPATH_SEARCH_PATHS = "$(inherited) @executable_path/Frameworks";
				PRODUCT_BUNDLE_IDENTIFIER = com.sts.iOSTest;
				PRODUCT_NAME = "$(TARGET_NAME)";
				SWIFT_OBJC_BRIDGING_HEADER = "$(PROJECT_DIR)/BiliBili_sts/BiliBili_sts-Bridging-Header.h";
				SWIFT_VERSION = 3.0;
			};
			name = Debug;
		};
		38706F3F1EC937AB008C6499 /* Release */ = {
			isa = XCBuildConfiguration;
			baseConfigurationReference = 4C0C57D564EA96A4AEF03B6E /* Pods-BiliBili_sts.release.xcconfig */;
			buildSettings = {
				ASSETCATALOG_COMPILER_APPICON_NAME = AppIcon;
				INFOPLIST_FILE = BiliBili_sts/Info.plist;
				IPHONEOS_DEPLOYMENT_TARGET = 10.0;
				LD_RUNPATH_SEARCH_PATHS = "$(inherited) @executable_path/Frameworks";
				PRODUCT_BUNDLE_IDENTIFIER = com.sts.iOSTest;
				PRODUCT_NAME = "$(TARGET_NAME)";
				SWIFT_OBJC_BRIDGING_HEADER = "$(PROJECT_DIR)/BiliBili_sts/BiliBili_sts-Bridging-Header.h";
				SWIFT_VERSION = 3.0;
			};
			name = Release;
		};
/* End XCBuildConfiguration section */

/* Begin XCConfigurationList section */
		38706F261EC937AB008C6499 /* Build configuration list for PBXProject "BiliBili_sts" */ = {
			isa = XCConfigurationList;
			buildConfigurations = (
				38706F3B1EC937AB008C6499 /* Debug */,
				38706F3C1EC937AB008C6499 /* Release */,
			);
			defaultConfigurationIsVisible = 0;
			defaultConfigurationName = Release;
		};
		38706F3D1EC937AB008C6499 /* Build configuration list for PBXNativeTarget "BiliBili_sts" */ = {
			isa = XCConfigurationList;
			buildConfigurations = (
				38706F3E1EC937AB008C6499 /* Debug */,
				38706F3F1EC937AB008C6499 /* Release */,
			);
			defaultConfigurationIsVisible = 0;
			defaultConfigurationName = Release;
		};
/* End XCConfigurationList section */
	};
	rootObject = 38706F231EC937AB008C6499 /* Project object */;
}
